
Microsoft Visual Studio Solution File, Format Version 12.00
# Visual Studio 15
VisualStudioVersion = 15.0.28010.2046
MinimumVisualStudioVersion = 10.0.40219.1
Project("{FAE04EC0-301F-11D3-BF4B-00C04F79EFBC}") = "TODOList.Entities", "TODOList.Entities\TODOList.Entities.csproj", "{E90C832A-8830-4CEC-98EF-673117AFA634}"
EndProject
Project("{FAE04EC0-301F-11D3-BF4B-00C04F79EFBC}") = "TODOList.Portal", "TODOList.Portal\TODOList.Portal.csproj", "{7DBA3EBE-762F-4690-AEA3-6519D08E723E}"
EndProject
Global
	GlobalSection(SolutionConfigurationPlatforms) = preSolution
		Debug|Any CPU = Debug|Any CPU
		Release|Any CPU = Release|Any CPU
	EndGlobalSection
	GlobalSection(ProjectConfigurationPlatforms) = postSolution
		{E90C832A-8830-4CEC-98EF-673117AFA634}.Debug|Any CPU.ActiveCfg = Debug|Any CPU
		{E90C832A-8830-4CEC-98EF-673117AFA634}.Debug|Any CPU.Build.0 = Debug|Any CPU
		{E90C832A-8830-4CEC-98EF-673117AFA634}.Release|Any CPU.ActiveCfg = Release|Any CPU
		{E90C832A-8830-4CEC-98EF-673117AFA634}.Release|Any CPU.Build.0 = Release|Any CPU
		{7DBA3EBE-762F-4690-AEA3-6519D08E723E}.Debug|Any CPU.ActiveCfg = Debug|Any CPU
		{7DBA3EBE-762F-4690-AEA3-6519D08E723E}.Debug|Any CPU.Build.0 = Debug|Any CPU
		{7DBA3EBE-762F-4690-AEA3-6519D08E723E}.Release|Any CPU.ActiveCfg = Release|Any CPU
		{7DBA3EBE-762F-4690-AEA3-6519D08E723E}.Release|Any CPU.Build.0 = Release|Any CPU
	EndGlobalSection
	GlobalSection(SolutionProperties) = preSolution
		HideSolutionNode = FALSE
	EndGlobalSection
	GlobalSection(ExtensibilityGlobals) = postSolution
		SolutionGuid = {0098589D-6B9A-4B0C-98DD-A0BFA99EC23E}
	EndGlobalSection
EndGlobal
